
Microsoft Visual Studio Solution File, Format Version 12.00
# Visual Studio 14
VisualStudioVersion = 14.0.25420.1
MinimumVisualStudioVersion = 10.0.40219.1
Project("{FAE04EC0-301F-11D3-BF4B-00C04F79EFBC}") = "NLayerApp.WEB", "NLayerApp.WEB\NLayerApp.WEB.csproj", "{23C41EF9-738B-442D-B9AB-22E564B30A07}"
EndProject
Project("{FAE04EC0-301F-11D3-BF4B-00C04F79EFBC}") = "NLayerApp.DAL", "NLayerApp.DAL\NLayerApp.DAL.csproj", "{025FEBC5-00C2-4A94-AA7A-58888DD0EB20}"
EndProject
Project("{FAE04EC0-301F-11D3-BF4B-00C04F79EFBC}") = "NLayerApp.BLL", "NLayerApp.BLL\NLayerApp.BLL.csproj", "{9C837322-35A6-4FC0-B2F4-A5B01CDEF387}"
EndProject
Global
	GlobalSection(SolutionConfigurationPlatforms) = preSolution
		Debug|Any CPU = Debug|Any CPU
		Release|Any CPU = Release|Any CPU
	EndGlobalSection
	GlobalSection(ProjectConfigurationPlatforms) = postSolution
		{23C41EF9-738B-442D-B9AB-22E564B30A07}.Debug|Any CPU.ActiveCfg = Debug|Any CPU
		{23C41EF9-738B-442D-B9AB-22E564B30A07}.Debug|Any CPU.Build.0 = Debug|Any CPU
		{23C41EF9-738B-442D-B9AB-22E564B30A07}.Release|Any CPU.ActiveCfg = Release|Any CPU
		{23C41EF9-738B-442D-B9AB-22E564B30A07}.Release|Any CPU.Build.0 = Release|Any CPU
		{025FEBC5-00C2-4A94-AA7A-58888DD0EB20}.Debug|Any CPU.ActiveCfg = Debug|Any CPU
		{025FEBC5-00C2-4A94-AA7A-58888DD0EB20}.Debug|Any CPU.Build.0 = Debug|Any CPU
		{025FEBC5-00C2-4A94-AA7A-58888DD0EB20}.Release|Any CPU.ActiveCfg = Release|Any CPU
		{025FEBC5-00C2-4A94-AA7A-58888DD0EB20}.Release|Any CPU.Build.0 = Release|Any CPU
		{9C837322-35A6-4FC0-B2F4-A5B01CDEF387}.Debug|Any CPU.ActiveCfg = Debug|Any CPU
		{9C837322-35A6-4FC0-B2F4-A5B01CDEF387}.Debug|Any CPU.Build.0 = Debug|Any CPU
		{9C837322-35A6-4FC0-B2F4-A5B01CDEF387}.Release|Any CPU.ActiveCfg = Release|Any CPU
		{9C837322-35A6-4FC0-B2F4-A5B01CDEF387}.Release|Any CPU.Build.0 = Release|Any CPU
	EndGlobalSection
	GlobalSection(SolutionProperties) = preSolution
		HideSolutionNode = FALSE
	EndGlobalSection
EndGlobal
